# Frozen TELW Level B2B — generated only after QA passed
bd47fd96274844dedf191f7220fbd75e9489059c oracy/unit-23.html
11d38ba60080e490c3c35510e3c96b264b635a2c oracy/unit-23-content.js
03e6e0373dbd1ef1ec5fdd4f61f2167b0a540a6c oracy/unit-24.html
f70e0650ca5d8c01406ae9c9d2bfb2c97328e886 oracy/unit-24-content.js
f281a50e2365ed433ea000d71490eca5a43b2aa7 oracy/unit-25.html
9a092aa89871861c582801e6dab108315f93370c oracy/unit-25-content.js
986afd8a402c978dfc7f831cea33c5675e29e1c0 oracy/unit-26.html
64b6a9275e0ca8376ecd9a3783ec2decb0878086 oracy/unit-26-content.js
bcd6dcfb1fdcc9c9c23c23adb63701dcd5cd889a oracy/unit-27.html
1d161676f0e358bdb7a2b0d4b2c889ea4c83e68d oracy/unit-27-content.js
578828890e9ff865a32544b3d8a730e526c62a11 oracy/unit-28.html
cfec5149c21bc8974524d856c8c46ab75f054177 oracy/unit-28-content.js
952f74f8a12a90d02402dfab904de1dee9378b0d oracy/unit-29.html
5a72cc619727ab687e93f14831673cffd9c60de4 oracy/unit-29-content.js
931ca0ce37d96048fd0772fbf45345a66e4ea550 oracy/unit-30.html
ee24d512ed6d76e517c202f228c8cd0d583c8a35 oracy/unit-30-content.js
