# Final frozen ORACY B1A-B2B package — approved baseline 2026-09-10
# Units 1-30 plus the current shared speaking/vocabulary/audio runtime. Any drift requires deliberate rebaseline.
3eeaff54c4e0f846501d0ed11636c6c5aad8cfb3 oracy/unit-1.html
0182790e01308cad47ae4722d7c933c2067aa51a oracy/unit-2.html
356a1d351fc31b03dece41a2b3f6e2cca79f81dc oracy/unit-2-content.js
5f6a33e9897db9ea004f3976b3dbef2899ff16d6 oracy/unit-3.html
3909120e793da7dc00b96b7c3d56d506605f9e73 oracy/unit-3-content.js
9edb6f8c22cb4d778f776f3fb7c7fa36ca3d4046 oracy/unit-4.html
a947e82f939ae9f8d0202af5c7377bffbccb8545 oracy/unit-4-content.js
b1bda9d6c91d34d659a1a1a2d0c76ab926e78ea4 oracy/unit-5.html
7a1df2196c1335e76a039d66ac3c85547d513bcc oracy/unit-5-content.js
0757486b87dfa98d72f4dd8b7e38dcc70a8386d9 oracy/unit-6.html
0a08c44822eea6c5d342f152c982d54783115416 oracy/unit-6-content.js
0a286e2ae8e540929507deabc8a504d17ede86ba oracy/unit-7.html
2f2321351c4a0c264895d901ac626938ad78a6a5 oracy/unit-7-content.js
2550c9867067dabbcbf540767f4f528f49d8e745 oracy/unit-8.html
00a434d9bea6154faf56c42a321a4da1ddb8c747 oracy/unit-8-content.js
0b32b3e1d88933f97b54714d0d6a51eaa8086a02 oracy/unit-9.html
be00db5ee121e20fc52ffb651abd90b6d51d335a oracy/unit-9-content.js
bc12f222e21c7908d4aba40e9ff10bf47b9e929b oracy/unit-10.html
17722fbb6e9b670d70c4e8c2c2a4a5aa98f3ce2c oracy/unit-10-content.js
ef2ad77eece69c2c3c07fef017c1083948d09145 oracy/unit-11.html
5f58d09d8176cc1c99e75ae1d590ebe78575ea8c oracy/unit-11-content.js
0ca0c61bc7f41527423aa87ac5659a2ada3ee882 oracy/unit-12.html
81f775ce10be3cab4cb80ab5f7b2ef33bed8cb81 oracy/unit-12-content.js
178f582e4b8f679f01a48424d9439b54a341f707 oracy/unit-13.html
12c93a1d8567cf79cf5e6e2fa84d1941f6e19afe oracy/unit-13-content.js
dce5d9a03930de0ad48ac83d7b138c29f5c3beea oracy/unit-14.html
750e5215025e063a31a0f99b8baf9c95f978f20e oracy/unit-14-content.js
2767d0dd1b6b5642d85cf42b61042c9054a3c4cf oracy/unit-15.html
1b6afd5c75215df6a109fc08ca925a658674ea81 oracy/unit-15-content.js
2beeee0294931b3387a264ab2cefa718657fbfa2 oracy/unit-16.html
5d23e43567d037ab341bdc0a61e8e51634e2fd25 oracy/unit-16-content.js
86549fb0277108d72340f5a60cf1f6e1399ef0aa oracy/unit-17.html
76ed6b11f3d79efcc34ca9894cb1cef851c7ed82 oracy/unit-17-content.js
c766b0198abc7cba911c54f596c944e6b1d52523 oracy/unit-18.html
b3826fdc3fb3e6d7fb4a71d3479204300486905d oracy/unit-18-content.js
48cf0778a0699987c1e9efbb26f324ba67a89a2a oracy/unit-19.html
079d51e23e90ecd328abbf6631c1085e460e2787 oracy/unit-19-content.js
eb41e31c477a5be311a5c719b8253c324ddf5eee oracy/unit-20.html
dc7851d9258404cd086717aafa851b0bb06e151c oracy/unit-20-content.js
c67116e39d42958cf5a7b5455b6eb63da25d12b9 oracy/unit-21.html
f418ad1795b80807172642a22c224a13a2b9281e oracy/unit-21-content.js
0c67bc22fdcc1374f64c109e360831c6da80a272 oracy/unit-22.html
53f83d9b93a7fd3f09882b99fb5c21b4c0a7244f oracy/unit-22-content.js
bd47fd96274844dedf191f7220fbd75e9489059c oracy/unit-23.html
11d38ba60080e490c3c35510e3c96b264b635a2c oracy/unit-23-content.js
03e6e0373dbd1ef1ec5fdd4f61f2167b0a540a6c oracy/unit-24.html
f70e0650ca5d8c01406ae9c9d2bfb2c97328e886 oracy/unit-24-content.js
f281a50e2365ed433ea000d71490eca5a43b2aa7 oracy/unit-25.html
9a092aa89871861c582801e6dab108315f93370c oracy/unit-25-content.js
986afd8a402c978dfc7f831cea33c5675e29e1c0 oracy/unit-26.html
64b6a9275e0ca8376ecd9a3783ec2decb0878086 oracy/unit-26-content.js
bcd6dcfb1fdcc9c9c23c23adb63701dcd5cd889a oracy/unit-27.html
1d161676f0e358bdb7a2b0d4b2c889ea4c83e68d oracy/unit-27-content.js
578828890e9ff865a32544b3d8a730e526c62a11 oracy/unit-28.html
cfec5149c21bc8974524d856c8c46ab75f054177 oracy/unit-28-content.js
952f74f8a12a90d02402dfab904de1dee9378b0d oracy/unit-29.html
5a72cc619727ab687e93f14831673cffd9c60de4 oracy/unit-29-content.js
931ca0ce37d96048fd0772fbf45345a66e4ea550 oracy/unit-30.html
ee24d512ed6d76e517c202f228c8cd0d583c8a35 oracy/unit-30-content.js
479d415557f5a26b6fe416ba1515c38eb67e6e99 oracy/unit-renderer.js
2ee87662a888da2d299df3b578c311499d39616a oracy/unit-shared.js
85d62756f1a7c04d81269001140f9b8b0241f98c oracy/conversation-shared.js
2c4115b8d90bf5eacc9ad7dc1bba043cb9eb914d oracy/level-system.js
10b694ec825d8bf2a02ee738d2df7aa87816623c oracy/oracy.css
b3e3f3f414c374bf35d0d1230e4d83326d684743 oracy/unit-speaking-gym-v2.js
39632f374070d6c522ee821289df9a5e561f538d oracy/unit-speaking-model-natural.js
b1be3829710180eab60510dfe206b213e0a2f1e7 oracy/unit-speaking-model-coherent.js
f88137509338fe2e2c29d1586c091bafa7c363de oracy/unit-speaking-model-target-cued.js
4539269f1a229a5cc129f4cbbc19512277ad0707 oracy/unit-speaking-model-quality.js
5a97a1a26b89256f9e5be2138f1d414ea409e1cc worker-oracy.js
3a13f161be3a7791dde424019caa326c2b306ebc functions/oracy/session.js
d4db16ee54572ed85bbea84640078e5a1ae10f65 functions/oracy/voice.js
293c402a61e767e4a10ebd071b66f0d7186414ee functions/oracy/_middleware.js
4f538771c0130087099f37cbdfb8f761c51ee551 supabase/functions/oracy-voice/index.ts
908d6bdb69eaa0e2a8ef6d85874de771639ad3c7 supabase/functions/oracy-voice/course-units-4-30.ts
