# Frozen TELW Level B2A — generated only after QA passed
2beeee0294931b3387a264ab2cefa718657fbfa2 oracy/unit-16.html
5d23e43567d037ab341bdc0a61e8e51634e2fd25 oracy/unit-16-content.js
86549fb0277108d72340f5a60cf1f6e1399ef0aa oracy/unit-17.html
76ed6b11f3d79efcc34ca9894cb1cef851c7ed82 oracy/unit-17-content.js
c766b0198abc7cba911c54f596c944e6b1d52523 oracy/unit-18.html
b3826fdc3fb3e6d7fb4a71d3479204300486905d oracy/unit-18-content.js
48cf0778a0699987c1e9efbb26f324ba67a89a2a oracy/unit-19.html
079d51e23e90ecd328abbf6631c1085e460e2787 oracy/unit-19-content.js
eb41e31c477a5be311a5c719b8253c324ddf5eee oracy/unit-20.html
dc7851d9258404cd086717aafa851b0bb06e151c oracy/unit-20-content.js
c67116e39d42958cf5a7b5455b6eb63da25d12b9 oracy/unit-21.html
f418ad1795b80807172642a22c224a13a2b9281e oracy/unit-21-content.js
0c67bc22fdcc1374f64c109e360831c6da80a272 oracy/unit-22.html
53f83d9b93a7fd3f09882b99fb5c21b4c0a7244f oracy/unit-22-content.js
