# Frozen TELW Level B1B — approved baseline 2026-09-10
2550c9867067dabbcbf540767f4f528f49d8e745 oracy/unit-8.html
00a434d9bea6154faf56c42a321a4da1ddb8c747 oracy/unit-8-content.js
0b32b3e1d88933f97b54714d0d6a51eaa8086a02 oracy/unit-9.html
be00db5ee121e20fc52ffb651abd90b6d51d335a oracy/unit-9-content.js
bc12f222e21c7908d4aba40e9ff10bf47b9e929b oracy/unit-10.html
17722fbb6e9b670d70c4e8c2c2a4a5aa98f3ce2c oracy/unit-10-content.js
ef2ad77eece69c2c3c07fef017c1083948d09145 oracy/unit-11.html
5f58d09d8176cc1c99e75ae1d590ebe78575ea8c oracy/unit-11-content.js
0ca0c61bc7f41527423aa87ac5659a2ada3ee882 oracy/unit-12.html
81f775ce10be3cab4cb80ab5f7b2ef33bed8cb81 oracy/unit-12-content.js
178f582e4b8f679f01a48424d9439b54a341f707 oracy/unit-13.html
12c93a1d8567cf79cf5e6e2fa84d1941f6e19afe oracy/unit-13-content.js
dce5d9a03930de0ad48ac83d7b138c29f5c3beea oracy/unit-14.html
750e5215025e063a31a0f99b8baf9c95f978f20e oracy/unit-14-content.js
2767d0dd1b6b5642d85cf42b61042c9054a3c4cf oracy/unit-15.html
1b6afd5c75215df6a109fc08ca925a658674ea81 oracy/unit-15-content.js
# Shared approved speaking/runtime layer
5a97a1a26b89256f9e5be2138f1d414ea409e1cc worker-oracy.js
b3e3f3f414c374bf35d0d1230e4d83326d684743 oracy/unit-speaking-gym-v2.js
39632f374070d6c522ee821289df9a5e561f538d oracy/unit-speaking-model-natural.js
b1be3829710180eab60510dfe206b213e0a2f1e7 oracy/unit-speaking-model-coherent.js
f88137509338fe2e2c29d1586c091bafa7c363de oracy/unit-speaking-model-target-cued.js
4539269f1a229a5cc129f4cbbc19512277ad0707 oracy/unit-speaking-model-quality.js
